
Microsoft Visual Studio Solution File, Format Version 12.00
Project("{FAE04EC0-301F-11D3-BF4B-00C04F79EFBC}") = "SecuroAPI-API", "SecuroAPI-API\SecuroAPI-API.csproj", "{1626509B-49FB-448E-9B34-F451E0D09F44}"
EndProject
Project("{FAE04EC0-301F-11D3-BF4B-00C04F79EFBC}") = "SecuroAPI.DataAccess", "SecuroAPI.DataAccess\SecuroAPI.DataAccess.csproj", "{19D95316-2AF9-47E6-8728-36F9ABBC5902}"
EndProject
Project("{FAE04EC0-301F-11D3-BF4B-00C04F79EFBC}") = "SecuroAPI.BusinessLogic", "SecuroAPI.BusinessLogic\SecuroAPI.BusinessLogic.csproj", "{7B58A98A-4ECF-47B1-B035-0006DFBF209B}"
EndProject
Global
	GlobalSection(SolutionConfigurationPlatforms) = preSolution
		Debug|Any CPU = Debug|Any CPU
		Release|Any CPU = Release|Any CPU
	EndGlobalSection
	GlobalSection(ProjectConfigurationPlatforms) = postSolution
		{1626509B-49FB-448E-9B34-F451E0D09F44}.Debug|Any CPU.ActiveCfg = Debug|Any CPU
		{1626509B-49FB-448E-9B34-F451E0D09F44}.Debug|Any CPU.Build.0 = Debug|Any CPU
		{1626509B-49FB-448E-9B34-F451E0D09F44}.Release|Any CPU.ActiveCfg = Release|Any CPU
		{1626509B-49FB-448E-9B34-F451E0D09F44}.Release|Any CPU.Build.0 = Release|Any CPU
		{19D95316-2AF9-47E6-8728-36F9ABBC5902}.Debug|Any CPU.ActiveCfg = Debug|Any CPU
		{19D95316-2AF9-47E6-8728-36F9ABBC5902}.Debug|Any CPU.Build.0 = Debug|Any CPU
		{19D95316-2AF9-47E6-8728-36F9ABBC5902}.Release|Any CPU.ActiveCfg = Release|Any CPU
		{19D95316-2AF9-47E6-8728-36F9ABBC5902}.Release|Any CPU.Build.0 = Release|Any CPU
		{7B58A98A-4ECF-47B1-B035-0006DFBF209B}.Debug|Any CPU.ActiveCfg = Debug|Any CPU
		{7B58A98A-4ECF-47B1-B035-0006DFBF209B}.Debug|Any CPU.Build.0 = Debug|Any CPU
		{7B58A98A-4ECF-47B1-B035-0006DFBF209B}.Release|Any CPU.ActiveCfg = Release|Any CPU
		{7B58A98A-4ECF-47B1-B035-0006DFBF209B}.Release|Any CPU.Build.0 = Release|Any CPU
	EndGlobalSection
EndGlobal
